
Microsoft Visual Studio Solution File, Format Version 12.00
# Visual Studio Version 17
VisualStudioVersion = 17.3.32929.385
MinimumVisualStudioVersion = 10.0.40219.1
Project("{8BC9CEB8-8B4A-11D0-8D11-00A0C91BC942}") = "Chapter16ProgChal6", "Chapter16ProgChal6\Chapter16ProgChal6.vcxproj", "{825FC851-8289-449D-8D9C-9768E73B6FF1}"
EndProject
Global
	GlobalSection(SolutionConfigurationPlatforms) = preSolution
		Debug|x64 = Debug|x64
		Debug|x86 = Debug|x86
		Release|x64 = Release|x64
		Release|x86 = Release|x86
	EndGlobalSection
	GlobalSection(ProjectConfigurationPlatforms) = postSolution
		{825FC851-8289-449D-8D9C-9768E73B6FF1}.Debug|x64.ActiveCfg = Debug|x64
		{825FC851-8289-449D-8D9C-9768E73B6FF1}.Debug|x64.Build.0 = Debug|x64
		{825FC851-8289-449D-8D9C-9768E73B6FF1}.Debug|x86.ActiveCfg = Debug|Win32
		{825FC851-8289-449D-8D9C-9768E73B6FF1}.Debug|x86.Build.0 = Debug|Win32
		{825FC851-8289-449D-8D9C-9768E73B6FF1}.Release|x64.ActiveCfg = Release|x64
		{825FC851-8289-449D-8D9C-9768E73B6FF1}.Release|x64.Build.0 = Release|x64
		{825FC851-8289-449D-8D9C-9768E73B6FF1}.Release|x86.ActiveCfg = Release|Win32
		{825FC851-8289-449D-8D9C-9768E73B6FF1}.Release|x86.Build.0 = Release|Win32
	EndGlobalSection
	GlobalSection(SolutionProperties) = preSolution
		HideSolutionNode = FALSE
	EndGlobalSection
	GlobalSection(ExtensibilityGlobals) = postSolution
		SolutionGuid = {2D952461-4B07-4A45-8DE3-BA8D9D27B9B5}
	EndGlobalSection
EndGlobal
